
Microsoft Visual Studio Solution File, Format Version 12.00
Project("{FAE04EC0-301F-11D3-BF4B-00C04F79EFBC}") = "Test", "Test\Test.csproj", "{C1BCD30B-D8CE-4732-AEE3-E3A4230918E8}"
EndProject
Project("{FAE04EC0-301F-11D3-BF4B-00C04F79EFBC}") = "CleanCodeTemplate", "CleanCodeTemplate\CleanCodeTemplate.csproj", "{EBF9EF82-6085-4FC0-907F-4404589DB522}"
EndProject
Global
	GlobalSection(SolutionConfigurationPlatforms) = preSolution
		Debug|Any CPU = Debug|Any CPU
		Release|Any CPU = Release|Any CPU
	EndGlobalSection
	GlobalSection(ProjectConfigurationPlatforms) = postSolution
		{C1BCD30B-D8CE-4732-AEE3-E3A4230918E8}.Debug|Any CPU.ActiveCfg = Debug|Any CPU
		{C1BCD30B-D8CE-4732-AEE3-E3A4230918E8}.Debug|Any CPU.Build.0 = Debug|Any CPU
		{C1BCD30B-D8CE-4732-AEE3-E3A4230918E8}.Release|Any CPU.ActiveCfg = Release|Any CPU
		{C1BCD30B-D8CE-4732-AEE3-E3A4230918E8}.Release|Any CPU.Build.0 = Release|Any CPU
		{EBF9EF82-6085-4FC0-907F-4404589DB522}.Debug|Any CPU.ActiveCfg = Debug|Any CPU
		{EBF9EF82-6085-4FC0-907F-4404589DB522}.Debug|Any CPU.Build.0 = Debug|Any CPU
		{EBF9EF82-6085-4FC0-907F-4404589DB522}.Release|Any CPU.ActiveCfg = Release|Any CPU
		{EBF9EF82-6085-4FC0-907F-4404589DB522}.Release|Any CPU.Build.0 = Release|Any CPU
	EndGlobalSection
EndGlobal
